
Microsoft Visual Studio Solution File, Format Version 12.00
# Visual Studio Version 17
VisualStudioVersion = 17.8.34309.116
MinimumVisualStudioVersion = 10.0.40219.1
Project("{FAE04EC0-301F-11D3-BF4B-00C04F79EFBC}") = "Snake", "Snake\Snake.csproj", "{5528772F-6AC8-47B8-A30C-8B3AB7565738}"
EndProject
Global
	GlobalSection(SolutionConfigurationPlatforms) = preSolution
		Debug|Any CPU = Debug|Any CPU
		Release|Any CPU = Release|Any CPU
	EndGlobalSection
	GlobalSection(ProjectConfigurationPlatforms) = postSolution
		{5528772F-6AC8-47B8-A30C-8B3AB7565738}.Debug|Any CPU.ActiveCfg = Debug|Any CPU
		{5528772F-6AC8-47B8-A30C-8B3AB7565738}.Debug|Any CPU.Build.0 = Debug|Any CPU
		{5528772F-6AC8-47B8-A30C-8B3AB7565738}.Release|Any CPU.ActiveCfg = Release|Any CPU
		{5528772F-6AC8-47B8-A30C-8B3AB7565738}.Release|Any CPU.Build.0 = Release|Any CPU
	EndGlobalSection
	GlobalSection(SolutionProperties) = preSolution
		HideSolutionNode = FALSE
	EndGlobalSection
	GlobalSection(ExtensibilityGlobals) = postSolution
		SolutionGuid = {DF2947EA-EF4D-4271-927E-AB099CFAB356}
	EndGlobalSection
EndGlobal
